
Microsoft Visual Studio Solution File, Format Version 12.00
# Visual Studio 14
VisualStudioVersion = 14.0.25420.1
MinimumVisualStudioVersion = 10.0.40219.1
Project("{FAE04EC0-301F-11D3-BF4B-00C04F79EFBC}") = "ExSsdp", "ExSsdp\ExSsdp.csproj", "{5380DCDD-15A1-4893-92F5-B0AF43A3CAC6}"
EndProject
Project("{FAE04EC0-301F-11D3-BF4B-00C04F79EFBC}") = "Test", "TestExSsdp\Test.csproj", "{EC7C81C8-75A3-4083-B839-E8E4B1FA18F0}"
EndProject
Global
	GlobalSection(SolutionConfigurationPlatforms) = preSolution
		Debug|Any CPU = Debug|Any CPU
		Release|Any CPU = Release|Any CPU
	EndGlobalSection
	GlobalSection(ProjectConfigurationPlatforms) = postSolution
		{5380DCDD-15A1-4893-92F5-B0AF43A3CAC6}.Debug|Any CPU.ActiveCfg = Debug|Any CPU
		{5380DCDD-15A1-4893-92F5-B0AF43A3CAC6}.Debug|Any CPU.Build.0 = Debug|Any CPU
		{5380DCDD-15A1-4893-92F5-B0AF43A3CAC6}.Release|Any CPU.ActiveCfg = Release|Any CPU
		{5380DCDD-15A1-4893-92F5-B0AF43A3CAC6}.Release|Any CPU.Build.0 = Release|Any CPU
		{EC7C81C8-75A3-4083-B839-E8E4B1FA18F0}.Debug|Any CPU.ActiveCfg = Debug|Any CPU
		{EC7C81C8-75A3-4083-B839-E8E4B1FA18F0}.Debug|Any CPU.Build.0 = Debug|Any CPU
		{EC7C81C8-75A3-4083-B839-E8E4B1FA18F0}.Release|Any CPU.ActiveCfg = Release|Any CPU
		{EC7C81C8-75A3-4083-B839-E8E4B1FA18F0}.Release|Any CPU.Build.0 = Release|Any CPU
	EndGlobalSection
	GlobalSection(SolutionProperties) = preSolution
		HideSolutionNode = FALSE
	EndGlobalSection
EndGlobal
